Microsoft Visual Studio Solution File, Format Version 12.00
# Visual Studio 2012
Project("{FAE04EC0-301F-11D3-BF4B-00C04F79EFBC}") = "Kilo", "Kilo\Kilo.csproj", "{B1EE4BAB-A687-4B4F-B7F7-61F76B0EC38C}"
EndProject
Project("{FAE04EC0-301F-11D3-BF4B-00C04F79EFBC}") = "Kilo.UnitTests", "Kilo.UnitTests\Kilo.UnitTests.csproj", "{2C07B22A-6BCA-43F1-8B0A-E7EB8A84DD17}"
EndProject
Project("{FAE04EC0-301F-11D3-BF4B-00C04F79EFBC}") = "Kilo.TestConsole", "Kilo.TestConsole\Kilo.TestConsole.csproj", "{572B7E6E-215C-472F-A199-6FAD2A08DE62}"
EndProject
Project("{2150E333-8FDC-42A3-9474-1A3956D46DE8}") = "Testing", "Testing", "{76ACF9F4-E928-418D-9D31-FA3DF8EEB682}"
EndProject
Project("{FAE04EC0-301F-11D3-BF4B-00C04F79EFBC}") = "Kilo.Data", "Kilo.Data\Kilo.Data.csproj", "{F27F2FFB-2672-4FE0-978F-348F14E31FEF}"
EndProject
Project("{2150E333-8FDC-42A3-9474-1A3956D46DE8}") = "Solution Items", "Solution Items", "{9F693068-A2E7-4340-923F-7560B0DF3B33}"
	ProjectSection(SolutionItems) = preProject
		..\.gitattributes = ..\.gitattributes
		..\.gitignore = ..\.gitignore
		..\README.markdown = ..\README.markdown
	EndProjectSection
EndProject
Project("{FAE04EC0-301F-11D3-BF4B-00C04F79EFBC}") = "Kilo.Mvc", "Kilo.Mvc\Kilo.Mvc.csproj", "{357970E4-709A-42E2-9CB3-D97E4E454243}"
EndProject
Project("{FAE04EC0-301F-11D3-BF4B-00C04F79EFBC}") = "Kilo.Testing", "Kilo.Testing\Kilo.Testing.csproj", "{9EE73340-C15D-4693-8507-7C61DFA81763}"
EndProject
Project("{2150E333-8FDC-42A3-9474-1A3956D46DE8}") = ".nuget", ".nuget", "{ECB11500-A4B1-48CF-B3AD-E6C1D9F345FE}"
	ProjectSection(SolutionItems) = preProject
		.nuget\NuGet.Config = .nuget\NuGet.Config
		.nuget\NuGet.exe = .nuget\NuGet.exe
		.nuget\NuGet.targets = .nuget\NuGet.targets
	EndProjectSection
EndProject
Project("{2150E333-8FDC-42A3-9474-1A3956D46DE8}") = "PackageBuild", "PackageBuild", "{2F4EA0F5-59D4-4C6E-8A5B-A0B4FB1E836D}"
	ProjectSection(SolutionItems) = preProject
		..\packageBuild\build vs10.bat = ..\packageBuild\build vs10.bat
		..\packageBuild\build vs11.bat = ..\packageBuild\build vs11.bat
		..\packageBuild\projects\Kilo.Data.nuspec = ..\packageBuild\projects\Kilo.Data.nuspec
		..\packageBuild\projects\Kilo.Mvc.nuspec = ..\packageBuild\projects\Kilo.Mvc.nuspec
		..\packageBuild\projects\Kilo.nuspec = ..\packageBuild\projects\Kilo.nuspec
		..\packageBuild\kilo.packages.targets = ..\packageBuild\kilo.packages.targets
		..\packageBuild\projects\Kilo.Testing.Mvc.nuspec = ..\packageBuild\projects\Kilo.Testing.Mvc.nuspec
		..\packageBuild\projects\Kilo.Testing.nuspec = ..\packageBuild\projects\Kilo.Testing.nuspec
	EndProjectSection
EndProject
Project("{FAE04EC0-301F-11D3-BF4B-00C04F79EFBC}") = "Kilo.Testing.Mvc", "Kilo.Testing.MVC\Kilo.Testing.Mvc.csproj", "{DF27160C-45D5-484B-B015-C92F8D348710}"
EndProject
Global
	GlobalSection(SolutionConfigurationPlatforms) = preSolution
		Debug|Any CPU = Debug|Any CPU
		Debug|Mixed Platforms = Debug|Mixed Platforms
		Debug|x86 = Debug|x86
		Release|Any CPU = Release|Any CPU
		Release|Mixed Platforms = Release|Mixed Platforms
		Release|x86 = Release|x86
	EndGlobalSection
	GlobalSection(ProjectConfigurationPlatforms) = postSolution
		{B1EE4BAB-A687-4B4F-B7F7-61F76B0EC38C}.Debug|Any CPU.ActiveCfg = Debug|Any CPU
		{B1EE4BAB-A687-4B4F-B7F7-61F76B0EC38C}.Debug|Any CPU.Build.0 = Debug|Any CPU
		{B1EE4BAB-A687-4B4F-B7F7-61F76B0EC38C}.Debug|Mixed Platforms.ActiveCfg = Debug|Any CPU
		{B1EE4BAB-A687-4B4F-B7F7-61F76B0EC38C}.Debug|Mixed Platforms.Build.0 = Debug|Any CPU
		{B1EE4BAB-A687-4B4F-B7F7-61F76B0EC38C}.Debug|x86.ActiveCfg = Debug|Any CPU
		{B1EE4BAB-A687-4B4F-B7F7-61F76B0EC38C}.Release|Any CPU.ActiveCfg = Release|Any CPU
		{B1EE4BAB-A687-4B4F-B7F7-61F76B0EC38C}.Release|Any CPU.Build.0 = Release|Any CPU
		{B1EE4BAB-A687-4B4F-B7F7-61F76B0EC38C}.Release|Mixed Platforms.ActiveCfg = Release|Any CPU
		{B1EE4BAB-A687-4B4F-B7F7-61F76B0EC38C}.Release|Mixed Platforms.Build.0 = Release|Any CPU
		{B1EE4BAB-A687-4B4F-B7F7-61F76B0EC38C}.Release|x86.ActiveCfg = Release|Any CPU
		{2C07B22A-6BCA-43F1-8B0A-E7EB8A84DD17}.Debug|Any CPU.ActiveCfg = Debug|Any CPU
		{2C07B22A-6BCA-43F1-8B0A-E7EB8A84DD17}.Debug|Any CPU.Build.0 = Debug|Any CPU
		{2C07B22A-6BCA-43F1-8B0A-E7EB8A84DD17}.Debug|Mixed Platforms.ActiveCfg = Debug|Any CPU
		{2C07B22A-6BCA-43F1-8B0A-E7EB8A84DD17}.Debug|Mixed Platforms.Build.0 = Debug|Any CPU
		{2C07B22A-6BCA-43F1-8B0A-E7EB8A84DD17}.Debug|x86.ActiveCfg = Debug|Any CPU
		{2C07B22A-6BCA-43F1-8B0A-E7EB8A84DD17}.Release|Any CPU.ActiveCfg = Release|Any CPU
		{2C07B22A-6BCA-43F1-8B0A-E7EB8A84DD17}.Release|Any CPU.Build.0 = Release|Any CPU
		{2C07B22A-6BCA-43F1-8B0A-E7EB8A84DD17}.Release|Mixed Platforms.ActiveCfg = Release|Any CPU
		{2C07B22A-6BCA-43F1-8B0A-E7EB8A84DD17}.Release|Mixed Platforms.Build.0 = Release|Any CPU
		{2C07B22A-6BCA-43F1-8B0A-E7EB8A84DD17}.Release|x86.ActiveCfg = Release|Any CPU
		{572B7E6E-215C-472F-A199-6FAD2A08DE62}.Debug|Any CPU.ActiveCfg = Debug|x86
		{572B7E6E-215C-472F-A199-6FAD2A08DE62}.Debug|Any CPU.Build.0 = Debug|x86
		{572B7E6E-215C-472F-A199-6FAD2A08DE62}.Debug|Mixed Platforms.ActiveCfg = Debug|x86
		{572B7E6E-215C-472F-A199-6FAD2A08DE62}.Debug|Mixed Platforms.Build.0 = Debug|x86
		{572B7E6E-215C-472F-A199-6FAD2A08DE62}.Debug|x86.ActiveCfg = Debug|x86
		{572B7E6E-215C-472F-A199-6FAD2A08DE62}.Debug|x86.Build.0 = Debug|x86
		{572B7E6E-215C-472F-A199-6FAD2A08DE62}.Release|Any CPU.ActiveCfg = Release|x86
		{572B7E6E-215C-472F-A199-6FAD2A08DE62}.Release|Any CPU.Build.0 = Release|x86
		{572B7E6E-215C-472F-A199-6FAD2A08DE62}.Release|Mixed Platforms.ActiveCfg = Release|x86
		{572B7E6E-215C-472F-A199-6FAD2A08DE62}.Release|Mixed Platforms.Build.0 = Release|x86
		{572B7E6E-215C-472F-A199-6FAD2A08DE62}.Release|x86.ActiveCfg = Release|x86
		{572B7E6E-215C-472F-A199-6FAD2A08DE62}.Release|x86.Build.0 = Release|x86
		{F27F2FFB-2672-4FE0-978F-348F14E31FEF}.Debug|Any CPU.ActiveCfg = Debug|Any CPU
		{F27F2FFB-2672-4FE0-978F-348F14E31FEF}.Debug|Any CPU.Build.0 = Debug|Any CPU
		{F27F2FFB-2672-4FE0-978F-348F14E31FEF}.Debug|Mixed Platforms.ActiveCfg = Debug|Any CPU
		{F27F2FFB-2672-4FE0-978F-348F14E31FEF}.Debug|Mixed Platforms.Build.0 = Debug|Any CPU
		{F27F2FFB-2672-4FE0-978F-348F14E31FEF}.Debug|x86.ActiveCfg = Debug|Any CPU
		{F27F2FFB-2672-4FE0-978F-348F14E31FEF}.Release|Any CPU.ActiveCfg = Release|Any CPU
		{F27F2FFB-2672-4FE0-978F-348F14E31FEF}.Release|Any CPU.Build.0 = Release|Any CPU
		{F27F2FFB-2672-4FE0-978F-348F14E31FEF}.Release|Mixed Platforms.ActiveCfg = Release|Any CPU
		{F27F2FFB-2672-4FE0-978F-348F14E31FEF}.Release|Mixed Platforms.Build.0 = Release|Any CPU
		{F27F2FFB-2672-4FE0-978F-348F14E31FEF}.Release|x86.ActiveCfg = Release|Any CPU
		{357970E4-709A-42E2-9CB3-D97E4E454243}.Debug|Any CPU.ActiveCfg = Debug|Any CPU
		{357970E4-709A-42E2-9CB3-D97E4E454243}.Debug|Any CPU.Build.0 = Debug|Any CPU
		{357970E4-709A-42E2-9CB3-D97E4E454243}.Debug|Mixed Platforms.ActiveCfg = Debug|Any CPU
		{357970E4-709A-42E2-9CB3-D97E4E454243}.Debug|Mixed Platforms.Build.0 = Debug|Any CPU
		{357970E4-709A-42E2-9CB3-D97E4E454243}.Debug|x86.ActiveCfg = Debug|Any CPU
		{357970E4-709A-42E2-9CB3-D97E4E454243}.Release|Any CPU.ActiveCfg = Release|Any CPU
		{357970E4-709A-42E2-9CB3-D97E4E454243}.Release|Any CPU.Build.0 = Release|Any CPU
		{357970E4-709A-42E2-9CB3-D97E4E454243}.Release|Mixed Platforms.ActiveCfg = Release|Any CPU
		{357970E4-709A-42E2-9CB3-D97E4E454243}.Release|Mixed Platforms.Build.0 = Release|Any CPU
		{357970E4-709A-42E2-9CB3-D97E4E454243}.Release|x86.ActiveCfg = Release|Any CPU
		{9EE73340-C15D-4693-8507-7C61DFA81763}.Debug|Any CPU.ActiveCfg = Debug|Any CPU
		{9EE73340-C15D-4693-8507-7C61DFA81763}.Debug|Any CPU.Build.0 = Debug|Any CPU
		{9EE73340-C15D-4693-8507-7C61DFA81763}.Debug|Mixed Platforms.ActiveCfg = Debug|Any CPU
		{9EE73340-C15D-4693-8507-7C61DFA81763}.Debug|Mixed Platforms.Build.0 = Debug|Any CPU
		{9EE73340-C15D-4693-8507-7C61DFA81763}.Debug|x86.ActiveCfg = Debug|Any CPU
		{9EE73340-C15D-4693-8507-7C61DFA81763}.Release|Any CPU.ActiveCfg = Release|Any CPU
		{9EE73340-C15D-4693-8507-7C61DFA81763}.Release|Any CPU.Build.0 = Release|Any CPU
		{9EE73340-C15D-4693-8507-7C61DFA81763}.Release|Mixed Platforms.ActiveCfg = Release|Any CPU
		{9EE73340-C15D-4693-8507-7C61DFA81763}.Release|Mixed Platforms.Build.0 = Release|Any CPU
		{9EE73340-C15D-4693-8507-7C61DFA81763}.Release|x86.ActiveCfg = Release|Any CPU
		{DF27160C-45D5-484B-B015-C92F8D348710}.Debug|Any CPU.ActiveCfg = Debug|Any CPU
		{DF27160C-45D5-484B-B015-C92F8D348710}.Debug|Any CPU.Build.0 = Debug|Any CPU
		{DF27160C-45D5-484B-B015-C92F8D348710}.Debug|Mixed Platforms.ActiveCfg = Debug|Any CPU
		{DF27160C-45D5-484B-B015-C92F8D348710}.Debug|Mixed Platforms.Build.0 = Debug|Any CPU
		{DF27160C-45D5-484B-B015-C92F8D348710}.Debug|x86.ActiveCfg = Debug|Any CPU
		{DF27160C-45D5-484B-B015-C92F8D348710}.Release|Any CPU.ActiveCfg = Release|Any CPU
		{DF27160C-45D5-484B-B015-C92F8D348710}.Release|Any CPU.Build.0 = Release|Any CPU
		{DF27160C-45D5-484B-B015-C92F8D348710}.Release|Mixed Platforms.ActiveCfg = Release|Any CPU
		{DF27160C-45D5-484B-B015-C92F8D348710}.Release|Mixed Platforms.Build.0 = Release|Any CPU
		{DF27160C-45D5-484B-B015-C92F8D348710}.Release|x86.ActiveCfg = Release|Any CPU
	EndGlobalSection
	GlobalSection(SolutionProperties) = preSolution
		HideSolutionNode = FALSE
	EndGlobalSection
	GlobalSection(NestedProjects) = preSolution
		{572B7E6E-215C-472F-A199-6FAD2A08DE62} = {76ACF9F4-E928-418D-9D31-FA3DF8EEB682}
		{2C07B22A-6BCA-43F1-8B0A-E7EB8A84DD17} = {76ACF9F4-E928-418D-9D31-FA3DF8EEB682}
	EndGlobalSection
EndGlobal
